
Microsoft Visual Studio Solution File, Format Version 12.00
# Visual Studio Version 16
VisualStudioVersion = 16.0.31019.35
MinimumVisualStudioVersion = 10.0.40219.1
Project("{9A19103F-16F7-4668-BE54-9A1E7A4F7556}") = "Methods", "Methods\Methods.csproj", "{E23426E1-0D72-4B80-8D2E-93D420C12EF3}"
EndProject
Project("{FAE04EC0-301F-11D3-BF4B-00C04F79EFBC}") = "OOP1", "OOP1\OOP1.csproj", "{193E72E2-45B7-4EA1-AC76-6361D6418D68}"
EndProject
Project("{FAE04EC0-301F-11D3-BF4B-00C04F79EFBC}") = "OOP2", "OOP2\OOP2.csproj", "{CEFA2F03-A221-4DA8-BFD5-DD0858C7014A}"
EndProject
Project("{FAE04EC0-301F-11D3-BF4B-00C04F79EFBC}") = "OOP3", "OOP3\OOP3.csproj", "{D4C6825A-B14F-484B-93D9-832C8C7F659D}"
EndProject
Global
	GlobalSection(SolutionConfigurationPlatforms) = preSolution
		Debug|Any CPU = Debug|Any CPU
		Release|Any CPU = Release|Any CPU
	EndGlobalSection
	GlobalSection(ProjectConfigurationPlatforms) = postSolution
		{E23426E1-0D72-4B80-8D2E-93D420C12EF3}.Debug|Any CPU.ActiveCfg = Debug|Any CPU
		{E23426E1-0D72-4B80-8D2E-93D420C12EF3}.Debug|Any CPU.Build.0 = Debug|Any CPU
		{E23426E1-0D72-4B80-8D2E-93D420C12EF3}.Release|Any CPU.ActiveCfg = Release|Any CPU
		{E23426E1-0D72-4B80-8D2E-93D420C12EF3}.Release|Any CPU.Build.0 = Release|Any CPU
		{193E72E2-45B7-4EA1-AC76-6361D6418D68}.Debug|Any CPU.ActiveCfg = Debug|Any CPU
		{193E72E2-45B7-4EA1-AC76-6361D6418D68}.Debug|Any CPU.Build.0 = Debug|Any CPU
		{193E72E2-45B7-4EA1-AC76-6361D6418D68}.Release|Any CPU.ActiveCfg = Release|Any CPU
		{193E72E2-45B7-4EA1-AC76-6361D6418D68}.Release|Any CPU.Build.0 = Release|Any CPU
		{CEFA2F03-A221-4DA8-BFD5-DD0858C7014A}.Debug|Any CPU.ActiveCfg = Debug|Any CPU
		{CEFA2F03-A221-4DA8-BFD5-DD0858C7014A}.Debug|Any CPU.Build.0 = Debug|Any CPU
		{CEFA2F03-A221-4DA8-BFD5-DD0858C7014A}.Release|Any CPU.ActiveCfg = Release|Any CPU
		{CEFA2F03-A221-4DA8-BFD5-DD0858C7014A}.Release|Any CPU.Build.0 = Release|Any CPU
		{D4C6825A-B14F-484B-93D9-832C8C7F659D}.Debug|Any CPU.ActiveCfg = Debug|Any CPU
		{D4C6825A-B14F-484B-93D9-832C8C7F659D}.Debug|Any CPU.Build.0 = Debug|Any CPU
		{D4C6825A-B14F-484B-93D9-832C8C7F659D}.Release|Any CPU.ActiveCfg = Release|Any CPU
		{D4C6825A-B14F-484B-93D9-832C8C7F659D}.Release|Any CPU.Build.0 = Release|Any CPU
	EndGlobalSection
	GlobalSection(SolutionProperties) = preSolution
		HideSolutionNode = FALSE
	EndGlobalSection
	GlobalSection(ExtensibilityGlobals) = postSolution
		SolutionGuid = {239A0557-F757-4714-B231-838DD89633A4}
	EndGlobalSection
EndGlobal
